
Microsoft Visual Studio Solution File, Format Version 12.00
# Visual Studio 15
VisualStudioVersion = 15.0.26403.7
MinimumVisualStudioVersion = 10.0.40219.1
Project("{FAE04EC0-301F-11D3-BF4B-00C04F79EFBC}") = "EditorImprovements", "EditorImprovements\EditorImprovements.csproj", "{F5EEEA5D-8F6F-49D7-8B3E-D66F8070E596}"
EndProject
Project("{FAE04EC0-301F-11D3-BF4B-00C04F79EFBC}") = "XAMLImprovements", "XAMLImprovements\XAMLImprovements.csproj", "{6561E246-8EF8-4287-A9F4-52E4B14456CC}"
EndProject
Project("{FAE04EC0-301F-11D3-BF4B-00C04F79EFBC}") = "DebuggerImprovements", "DebuggerImprovements\DebuggerImprovements.csproj", "{937AEE71-47A3-42F5-98F6-53CFA58107EE}"
EndProject
Project("{2150E333-8FDC-42A3-9474-1A3956D46DE8}") = "TestImprovements", "TestImprovements", "{53C13A47-5001-48C3-97E7-FA28F8FB9BB4}"
EndProject
Project("{FAE04EC0-301F-11D3-BF4B-00C04F79EFBC}") = "Calculator", "Calculator\Calculator.csproj", "{919A58BC-A468-4ADB-853E-5987CD3CEB64}"
EndProject
Project("{FAE04EC0-301F-11D3-BF4B-00C04F79EFBC}") = "CalculatorTests", "CalculatorTests\CalculatorTests.csproj", "{ACB4AD84-9CF8-42A3-98D6-84E90C888F77}"
EndProject
Project("{FAE04EC0-301F-11D3-BF4B-00C04F79EFBC}") = "WebDemo", "WebDemo\WebDemo.csproj", "{57823915-ED2A-468D-8C91-EEC188589685}"
EndProject
Global
	GlobalSection(SolutionConfigurationPlatforms) = preSolution
		Debug|Any CPU = Debug|Any CPU
		Debug|ARM = Debug|ARM
		Debug|iPhone = Debug|iPhone
		Debug|iPhoneSimulator = Debug|iPhoneSimulator
		Debug|x64 = Debug|x64
		Debug|x86 = Debug|x86
		Release|Any CPU = Release|Any CPU
		Release|ARM = Release|ARM
		Release|iPhone = Release|iPhone
		Release|iPhoneSimulator = Release|iPhoneSimulator
		Release|x64 = Release|x64
		Release|x86 = Release|x86
	EndGlobalSection
	GlobalSection(ProjectConfigurationPlatforms) = postSolution
		{F5EEEA5D-8F6F-49D7-8B3E-D66F8070E596}.Debug|Any CPU.ActiveCfg = Debug|Any CPU
		{F5EEEA5D-8F6F-49D7-8B3E-D66F8070E596}.Debug|Any CPU.Build.0 = Debug|Any CPU
		{F5EEEA5D-8F6F-49D7-8B3E-D66F8070E596}.Debug|ARM.ActiveCfg = Debug|Any CPU
		{F5EEEA5D-8F6F-49D7-8B3E-D66F8070E596}.Debug|ARM.Build.0 = Debug|Any CPU
		{F5EEEA5D-8F6F-49D7-8B3E-D66F8070E596}.Debug|iPhone.ActiveCfg = Debug|Any CPU
		{F5EEEA5D-8F6F-49D7-8B3E-D66F8070E596}.Debug|iPhone.Build.0 = Debug|Any CPU
		{F5EEEA5D-8F6F-49D7-8B3E-D66F8070E596}.Debug|iPhoneSimulator.ActiveCfg = Debug|Any CPU
		{F5EEEA5D-8F6F-49D7-8B3E-D66F8070E596}.Debug|iPhoneSimulator.Build.0 = Debug|Any CPU
		{F5EEEA5D-8F6F-49D7-8B3E-D66F8070E596}.Debug|x64.ActiveCfg = Debug|Any CPU
		{F5EEEA5D-8F6F-49D7-8B3E-D66F8070E596}.Debug|x64.Build.0 = Debug|Any CPU
		{F5EEEA5D-8F6F-49D7-8B3E-D66F8070E596}.Debug|x86.ActiveCfg = Debug|Any CPU
		{F5EEEA5D-8F6F-49D7-8B3E-D66F8070E596}.Debug|x86.Build.0 = Debug|Any CPU
		{F5EEEA5D-8F6F-49D7-8B3E-D66F8070E596}.Release|Any CPU.ActiveCfg = Release|Any CPU
		{F5EEEA5D-8F6F-49D7-8B3E-D66F8070E596}.Release|Any CPU.Build.0 = Release|Any CPU
		{F5EEEA5D-8F6F-49D7-8B3E-D66F8070E596}.Release|ARM.ActiveCfg = Release|Any CPU
		{F5EEEA5D-8F6F-49D7-8B3E-D66F8070E596}.Release|ARM.Build.0 = Release|Any CPU
		{F5EEEA5D-8F6F-49D7-8B3E-D66F8070E596}.Release|iPhone.ActiveCfg = Release|Any CPU
		{F5EEEA5D-8F6F-49D7-8B3E-D66F8070E596}.Release|iPhone.Build.0 = Release|Any CPU
		{F5EEEA5D-8F6F-49D7-8B3E-D66F8070E596}.Release|iPhoneSimulator.ActiveCfg = Release|Any CPU
		{F5EEEA5D-8F6F-49D7-8B3E-D66F8070E596}.Release|iPhoneSimulator.Build.0 = Release|Any CPU
		{F5EEEA5D-8F6F-49D7-8B3E-D66F8070E596}.Release|x64.ActiveCfg = Release|Any CPU
		{F5EEEA5D-8F6F-49D7-8B3E-D66F8070E596}.Release|x64.Build.0 = Release|Any CPU
		{F5EEEA5D-8F6F-49D7-8B3E-D66F8070E596}.Release|x86.ActiveCfg = Release|Any CPU
		{F5EEEA5D-8F6F-49D7-8B3E-D66F8070E596}.Release|x86.Build.0 = Release|Any CPU
		{6561E246-8EF8-4287-A9F4-52E4B14456CC}.Debug|Any CPU.ActiveCfg = Debug|Any CPU
		{6561E246-8EF8-4287-A9F4-52E4B14456CC}.Debug|Any CPU.Build.0 = Debug|Any CPU
		{6561E246-8EF8-4287-A9F4-52E4B14456CC}.Debug|ARM.ActiveCfg = Debug|Any CPU
		{6561E246-8EF8-4287-A9F4-52E4B14456CC}.Debug|ARM.Build.0 = Debug|Any CPU
		{6561E246-8EF8-4287-A9F4-52E4B14456CC}.Debug|iPhone.ActiveCfg = Debug|Any CPU
		{6561E246-8EF8-4287-A9F4-52E4B14456CC}.Debug|iPhone.Build.0 = Debug|Any CPU
		{6561E246-8EF8-4287-A9F4-52E4B14456CC}.Debug|iPhoneSimulator.ActiveCfg = Debug|Any CPU
		{6561E246-8EF8-4287-A9F4-52E4B14456CC}.Debug|iPhoneSimulator.Build.0 = Debug|Any CPU
		{6561E246-8EF8-4287-A9F4-52E4B14456CC}.Debug|x64.ActiveCfg = Debug|Any CPU
		{6561E246-8EF8-4287-A9F4-52E4B14456CC}.Debug|x64.Build.0 = Debug|Any CPU
		{6561E246-8EF8-4287-A9F4-52E4B14456CC}.Debug|x86.ActiveCfg = Debug|Any CPU
		{6561E246-8EF8-4287-A9F4-52E4B14456CC}.Debug|x86.Build.0 = Debug|Any CPU
		{6561E246-8EF8-4287-A9F4-52E4B14456CC}.Release|Any CPU.ActiveCfg = Release|Any CPU
		{6561E246-8EF8-4287-A9F4-52E4B14456CC}.Release|Any CPU.Build.0 = Release|Any CPU
		{6561E246-8EF8-4287-A9F4-52E4B14456CC}.Release|ARM.ActiveCfg = Release|Any CPU
		{6561E246-8EF8-4287-A9F4-52E4B14456CC}.Release|ARM.Build.0 = Release|Any CPU
		{6561E246-8EF8-4287-A9F4-52E4B14456CC}.Release|iPhone.ActiveCfg = Release|Any CPU
		{6561E246-8EF8-4287-A9F4-52E4B14456CC}.Release|iPhone.Build.0 = Release|Any CPU
		{6561E246-8EF8-4287-A9F4-52E4B14456CC}.Release|iPhoneSimulator.ActiveCfg = Release|Any CPU
		{6561E246-8EF8-4287-A9F4-52E4B14456CC}.Release|iPhoneSimulator.Build.0 = Release|Any CPU
		{6561E246-8EF8-4287-A9F4-52E4B14456CC}.Release|x64.ActiveCfg = Release|Any CPU
		{6561E246-8EF8-4287-A9F4-52E4B14456CC}.Release|x64.Build.0 = Release|Any CPU
		{6561E246-8EF8-4287-A9F4-52E4B14456CC}.Release|x86.ActiveCfg = Release|Any CPU
		{6561E246-8EF8-4287-A9F4-52E4B14456CC}.Release|x86.Build.0 = Release|Any CPU
		{937AEE71-47A3-42F5-98F6-53CFA58107EE}.Debug|Any CPU.ActiveCfg = Debug|Any CPU
		{937AEE71-47A3-42F5-98F6-53CFA58107EE}.Debug|Any CPU.Build.0 = Debug|Any CPU
		{937AEE71-47A3-42F5-98F6-53CFA58107EE}.Debug|ARM.ActiveCfg = Debug|Any CPU
		{937AEE71-47A3-42F5-98F6-53CFA58107EE}.Debug|ARM.Build.0 = Debug|Any CPU
		{937AEE71-47A3-42F5-98F6-53CFA58107EE}.Debug|iPhone.ActiveCfg = Debug|Any CPU
		{937AEE71-47A3-42F5-98F6-53CFA58107EE}.Debug|iPhone.Build.0 = Debug|Any CPU
		{937AEE71-47A3-42F5-98F6-53CFA58107EE}.Debug|iPhoneSimulator.ActiveCfg = Debug|Any CPU
		{937AEE71-47A3-42F5-98F6-53CFA58107EE}.Debug|iPhoneSimulator.Build.0 = Debug|Any CPU
		{937AEE71-47A3-42F5-98F6-53CFA58107EE}.Debug|x64.ActiveCfg = Debug|Any CPU
		{937AEE71-47A3-42F5-98F6-53CFA58107EE}.Debug|x64.Build.0 = Debug|Any CPU
		{937AEE71-47A3-42F5-98F6-53CFA58107EE}.Debug|x86.ActiveCfg = Debug|Any CPU
		{937AEE71-47A3-42F5-98F6-53CFA58107EE}.Debug|x86.Build.0 = Debug|Any CPU
		{937AEE71-47A3-42F5-98F6-53CFA58107EE}.Release|Any CPU.ActiveCfg = Release|Any CPU
		{937AEE71-47A3-42F5-98F6-53CFA58107EE}.Release|Any CPU.Build.0 = Release|Any CPU
		{937AEE71-47A3-42F5-98F6-53CFA58107EE}.Release|ARM.ActiveCfg = Release|Any CPU
		{937AEE71-47A3-42F5-98F6-53CFA58107EE}.Release|ARM.Build.0 = Release|Any CPU
		{937AEE71-47A3-42F5-98F6-53CFA58107EE}.Release|iPhone.ActiveCfg = Release|Any CPU
		{937AEE71-47A3-42F5-98F6-53CFA58107EE}.Release|iPhone.Build.0 = Release|Any CPU
		{937AEE71-47A3-42F5-98F6-53CFA58107EE}.Release|iPhoneSimulator.ActiveCfg = Release|Any CPU
		{937AEE71-47A3-42F5-98F6-53CFA58107EE}.Release|iPhoneSimulator.Build.0 = Release|Any CPU
		{937AEE71-47A3-42F5-98F6-53CFA58107EE}.Release|x64.ActiveCfg = Release|Any CPU
		{937AEE71-47A3-42F5-98F6-53CFA58107EE}.Release|x64.Build.0 = Release|Any CPU
		{937AEE71-47A3-42F5-98F6-53CFA58107EE}.Release|x86.ActiveCfg = Release|Any CPU
		{937AEE71-47A3-42F5-98F6-53CFA58107EE}.Release|x86.Build.0 = Release|Any CPU
		{919A58BC-A468-4ADB-853E-5987CD3CEB64}.Debug|Any CPU.ActiveCfg = Debug|Any CPU
		{919A58BC-A468-4ADB-853E-5987CD3CEB64}.Debug|Any CPU.Build.0 = Debug|Any CPU
		{919A58BC-A468-4ADB-853E-5987CD3CEB64}.Debug|ARM.ActiveCfg = Debug|Any CPU
		{919A58BC-A468-4ADB-853E-5987CD3CEB64}.Debug|ARM.Build.0 = Debug|Any CPU
		{919A58BC-A468-4ADB-853E-5987CD3CEB64}.Debug|iPhone.ActiveCfg = Debug|Any CPU
		{919A58BC-A468-4ADB-853E-5987CD3CEB64}.Debug|iPhone.Build.0 = Debug|Any CPU
		{919A58BC-A468-4ADB-853E-5987CD3CEB64}.Debug|iPhoneSimulator.ActiveCfg = Debug|Any CPU
		{919A58BC-A468-4ADB-853E-5987CD3CEB64}.Debug|iPhoneSimulator.Build.0 = Debug|Any CPU
		{919A58BC-A468-4ADB-853E-5987CD3CEB64}.Debug|x64.ActiveCfg = Debug|Any CPU
		{919A58BC-A468-4ADB-853E-5987CD3CEB64}.Debug|x64.Build.0 = Debug|Any CPU
		{919A58BC-A468-4ADB-853E-5987CD3CEB64}.Debug|x86.ActiveCfg = Debug|Any CPU
		{919A58BC-A468-4ADB-853E-5987CD3CEB64}.Debug|x86.Build.0 = Debug|Any CPU
		{919A58BC-A468-4ADB-853E-5987CD3CEB64}.Release|Any CPU.ActiveCfg = Release|Any CPU
		{919A58BC-A468-4ADB-853E-5987CD3CEB64}.Release|Any CPU.Build.0 = Release|Any CPU
		{919A58BC-A468-4ADB-853E-5987CD3CEB64}.Release|ARM.ActiveCfg = Release|Any CPU
		{919A58BC-A468-4ADB-853E-5987CD3CEB64}.Release|ARM.Build.0 = Release|Any CPU
		{919A58BC-A468-4ADB-853E-5987CD3CEB64}.Release|iPhone.ActiveCfg = Release|Any CPU
		{919A58BC-A468-4ADB-853E-5987CD3CEB64}.Release|iPhone.Build.0 = Release|Any CPU
		{919A58BC-A468-4ADB-853E-5987CD3CEB64}.Release|iPhoneSimulator.ActiveCfg = Release|Any CPU
		{919A58BC-A468-4ADB-853E-5987CD3CEB64}.Release|iPhoneSimulator.Build.0 = Release|Any CPU
		{919A58BC-A468-4ADB-853E-5987CD3CEB64}.Release|x64.ActiveCfg = Release|Any CPU
		{919A58BC-A468-4ADB-853E-5987CD3CEB64}.Release|x64.Build.0 = Release|Any CPU
		{919A58BC-A468-4ADB-853E-5987CD3CEB64}.Release|x86.ActiveCfg = Release|Any CPU
		{919A58BC-A468-4ADB-853E-5987CD3CEB64}.Release|x86.Build.0 = Release|Any CPU
		{ACB4AD84-9CF8-42A3-98D6-84E90C888F77}.Debug|Any CPU.ActiveCfg = Debug|Any CPU
		{ACB4AD84-9CF8-42A3-98D6-84E90C888F77}.Debug|Any CPU.Build.0 = Debug|Any CPU
		{ACB4AD84-9CF8-42A3-98D6-84E90C888F77}.Debug|ARM.ActiveCfg = Debug|Any CPU
		{ACB4AD84-9CF8-42A3-98D6-84E90C888F77}.Debug|ARM.Build.0 = Debug|Any CPU
		{ACB4AD84-9CF8-42A3-98D6-84E90C888F77}.Debug|iPhone.ActiveCfg = Debug|Any CPU
		{ACB4AD84-9CF8-42A3-98D6-84E90C888F77}.Debug|iPhone.Build.0 = Debug|Any CPU
		{ACB4AD84-9CF8-42A3-98D6-84E90C888F77}.Debug|iPhoneSimulator.ActiveCfg = Debug|Any CPU
		{ACB4AD84-9CF8-42A3-98D6-84E90C888F77}.Debug|iPhoneSimulator.Build.0 = Debug|Any CPU
		{ACB4AD84-9CF8-42A3-98D6-84E90C888F77}.Debug|x64.ActiveCfg = Debug|Any CPU
		{ACB4AD84-9CF8-42A3-98D6-84E90C888F77}.Debug|x64.Build.0 = Debug|Any CPU
		{ACB4AD84-9CF8-42A3-98D6-84E90C888F77}.Debug|x86.ActiveCfg = Debug|Any CPU
		{ACB4AD84-9CF8-42A3-98D6-84E90C888F77}.Debug|x86.Build.0 = Debug|Any CPU
		{ACB4AD84-9CF8-42A3-98D6-84E90C888F77}.Release|Any CPU.ActiveCfg = Release|Any CPU
		{ACB4AD84-9CF8-42A3-98D6-84E90C888F77}.Release|Any CPU.Build.0 = Release|Any CPU
		{ACB4AD84-9CF8-42A3-98D6-84E90C888F77}.Release|ARM.ActiveCfg = Release|Any CPU
		{ACB4AD84-9CF8-42A3-98D6-84E90C888F77}.Release|ARM.Build.0 = Release|Any CPU
		{ACB4AD84-9CF8-42A3-98D6-84E90C888F77}.Release|iPhone.ActiveCfg = Release|Any CPU
		{ACB4AD84-9CF8-42A3-98D6-84E90C888F77}.Release|iPhone.Build.0 = Release|Any CPU
		{ACB4AD84-9CF8-42A3-98D6-84E90C888F77}.Release|iPhoneSimulator.ActiveCfg = Release|Any CPU
		{ACB4AD84-9CF8-42A3-98D6-84E90C888F77}.Release|iPhoneSimulator.Build.0 = Release|Any CPU
		{ACB4AD84-9CF8-42A3-98D6-84E90C888F77}.Release|x64.ActiveCfg = Release|Any CPU
		{ACB4AD84-9CF8-42A3-98D6-84E90C888F77}.Release|x64.Build.0 = Release|Any CPU
		{ACB4AD84-9CF8-42A3-98D6-84E90C888F77}.Release|x86.ActiveCfg = Release|Any CPU
		{ACB4AD84-9CF8-42A3-98D6-84E90C888F77}.Release|x86.Build.0 = Release|Any CPU
		{57823915-ED2A-468D-8C91-EEC188589685}.Debug|Any CPU.ActiveCfg = Debug|Any CPU
		{57823915-ED2A-468D-8C91-EEC188589685}.Debug|Any CPU.Build.0 = Debug|Any CPU
		{57823915-ED2A-468D-8C91-EEC188589685}.Debug|ARM.ActiveCfg = Debug|Any CPU
		{57823915-ED2A-468D-8C91-EEC188589685}.Debug|ARM.Build.0 = Debug|Any CPU
		{57823915-ED2A-468D-8C91-EEC188589685}.Debug|iPhone.ActiveCfg = Debug|Any CPU
		{57823915-ED2A-468D-8C91-EEC188589685}.Debug|iPhone.Build.0 = Debug|Any CPU
		{57823915-ED2A-468D-8C91-EEC188589685}.Debug|iPhoneSimulator.ActiveCfg = Debug|Any CPU
		{57823915-ED2A-468D-8C91-EEC188589685}.Debug|iPhoneSimulator.Build.0 = Debug|Any CPU
		{57823915-ED2A-468D-8C91-EEC188589685}.Debug|x64.ActiveCfg = Debug|Any CPU
		{57823915-ED2A-468D-8C91-EEC188589685}.Debug|x64.Build.0 = Debug|Any CPU
		{57823915-ED2A-468D-8C91-EEC188589685}.Debug|x86.ActiveCfg = Debug|Any CPU
		{57823915-ED2A-468D-8C91-EEC188589685}.Debug|x86.Build.0 = Debug|Any CPU
		{57823915-ED2A-468D-8C91-EEC188589685}.Release|Any CPU.ActiveCfg = Release|Any CPU
		{57823915-ED2A-468D-8C91-EEC188589685}.Release|Any CPU.Build.0 = Release|Any CPU
		{57823915-ED2A-468D-8C91-EEC188589685}.Release|ARM.ActiveCfg = Release|Any CPU
		{57823915-ED2A-468D-8C91-EEC188589685}.Release|ARM.Build.0 = Release|Any CPU
		{57823915-ED2A-468D-8C91-EEC188589685}.Release|iPhone.ActiveCfg = Release|Any CPU
		{57823915-ED2A-468D-8C91-EEC188589685}.Release|iPhone.Build.0 = Release|Any CPU
		{57823915-ED2A-468D-8C91-EEC188589685}.Release|iPhoneSimulator.ActiveCfg = Release|Any CPU
		{57823915-ED2A-468D-8C91-EEC188589685}.Release|iPhoneSimulator.Build.0 = Release|Any CPU
		{57823915-ED2A-468D-8C91-EEC188589685}.Release|x64.ActiveCfg = Release|Any CPU
		{57823915-ED2A-468D-8C91-EEC188589685}.Release|x64.Build.0 = Release|Any CPU
		{57823915-ED2A-468D-8C91-EEC188589685}.Release|x86.ActiveCfg = Release|Any CPU
		{57823915-ED2A-468D-8C91-EEC188589685}.Release|x86.Build.0 = Release|Any CPU
	EndGlobalSection
	GlobalSection(SolutionProperties) = preSolution
		HideSolutionNode = FALSE
	EndGlobalSection
	GlobalSection(NestedProjects) = preSolution
		{919A58BC-A468-4ADB-853E-5987CD3CEB64} = {53C13A47-5001-48C3-97E7-FA28F8FB9BB4}
		{ACB4AD84-9CF8-42A3-98D6-84E90C888F77} = {53C13A47-5001-48C3-97E7-FA28F8FB9BB4}
	EndGlobalSection
EndGlobal
