
Microsoft Visual Studio Solution File, Format Version 12.00
# Visual Studio 15
VisualStudioVersion = 15.0.26403.7
MinimumVisualStudioVersion = 10.0.40219.1
Project("{FAE04EC0-301F-11D3-BF4B-00C04F79EFBC}") = "XamarinApp", "XamarinApp\XamarinApp\XamarinApp.csproj", "{A82B7B52-F182-4E9E-8E72-9816E8B9D40E}"
EndProject
Project("{FAE04EC0-301F-11D3-BF4B-00C04F79EFBC}") = "XamarinApp.Android", "XamarinApp\XamarinApp.Android\XamarinApp.Android.csproj", "{ECB4DAC4-F1B6-4CCB-A4E3-2DFAF1226D1B}"
EndProject
Project("{FAE04EC0-301F-11D3-BF4B-00C04F79EFBC}") = "XamarinApp.iOS", "XamarinApp\XamarinApp.iOS\XamarinApp.iOS.csproj", "{6BABC524-60F0-4321-973F-615E7BAAE2B6}"
EndProject
Project("{FAE04EC0-301F-11D3-BF4B-00C04F79EFBC}") = "XamarinApp.UWP", "XamarinApp\XamarinApp.UWP\XamarinApp.UWP.csproj", "{4243279E-173A-4368-8418-B17DDE1A76CF}"
EndProject
Global
	GlobalSection(SolutionConfigurationPlatforms) = preSolution
		Debug|Any CPU = Debug|Any CPU
		Debug|ARM = Debug|ARM
		Debug|iPhone = Debug|iPhone
		Debug|iPhoneSimulator = Debug|iPhoneSimulator
		Debug|x64 = Debug|x64
		Debug|x86 = Debug|x86
		Release|Any CPU = Release|Any CPU
		Release|ARM = Release|ARM
		Release|iPhone = Release|iPhone
		Release|iPhoneSimulator = Release|iPhoneSimulator
		Release|x64 = Release|x64
		Release|x86 = Release|x86
	EndGlobalSection
	GlobalSection(ProjectConfigurationPlatforms) = postSolution
		{A82B7B52-F182-4E9E-8E72-9816E8B9D40E}.Debug|Any CPU.ActiveCfg = Debug|Any CPU
		{A82B7B52-F182-4E9E-8E72-9816E8B9D40E}.Debug|Any CPU.Build.0 = Debug|Any CPU
		{A82B7B52-F182-4E9E-8E72-9816E8B9D40E}.Debug|ARM.ActiveCfg = Debug|Any CPU
		{A82B7B52-F182-4E9E-8E72-9816E8B9D40E}.Debug|ARM.Build.0 = Debug|Any CPU
		{A82B7B52-F182-4E9E-8E72-9816E8B9D40E}.Debug|iPhone.ActiveCfg = Debug|Any CPU
		{A82B7B52-F182-4E9E-8E72-9816E8B9D40E}.Debug|iPhone.Build.0 = Debug|Any CPU
		{A82B7B52-F182-4E9E-8E72-9816E8B9D40E}.Debug|iPhoneSimulator.ActiveCfg = Debug|Any CPU
		{A82B7B52-F182-4E9E-8E72-9816E8B9D40E}.Debug|iPhoneSimulator.Build.0 = Debug|Any CPU
		{A82B7B52-F182-4E9E-8E72-9816E8B9D40E}.Debug|x64.ActiveCfg = Debug|Any CPU
		{A82B7B52-F182-4E9E-8E72-9816E8B9D40E}.Debug|x64.Build.0 = Debug|Any CPU
		{A82B7B52-F182-4E9E-8E72-9816E8B9D40E}.Debug|x86.ActiveCfg = Debug|Any CPU
		{A82B7B52-F182-4E9E-8E72-9816E8B9D40E}.Debug|x86.Build.0 = Debug|Any CPU
		{A82B7B52-F182-4E9E-8E72-9816E8B9D40E}.Release|Any CPU.ActiveCfg = Release|Any CPU
		{A82B7B52-F182-4E9E-8E72-9816E8B9D40E}.Release|Any CPU.Build.0 = Release|Any CPU
		{A82B7B52-F182-4E9E-8E72-9816E8B9D40E}.Release|ARM.ActiveCfg = Release|Any CPU
		{A82B7B52-F182-4E9E-8E72-9816E8B9D40E}.Release|ARM.Build.0 = Release|Any CPU
		{A82B7B52-F182-4E9E-8E72-9816E8B9D40E}.Release|iPhone.ActiveCfg = Release|Any CPU
		{A82B7B52-F182-4E9E-8E72-9816E8B9D40E}.Release|iPhone.Build.0 = Release|Any CPU
		{A82B7B52-F182-4E9E-8E72-9816E8B9D40E}.Release|iPhoneSimulator.ActiveCfg = Release|Any CPU
		{A82B7B52-F182-4E9E-8E72-9816E8B9D40E}.Release|iPhoneSimulator.Build.0 = Release|Any CPU
		{A82B7B52-F182-4E9E-8E72-9816E8B9D40E}.Release|x64.ActiveCfg = Release|Any CPU
		{A82B7B52-F182-4E9E-8E72-9816E8B9D40E}.Release|x64.Build.0 = Release|Any CPU
		{A82B7B52-F182-4E9E-8E72-9816E8B9D40E}.Release|x86.ActiveCfg = Release|Any CPU
		{A82B7B52-F182-4E9E-8E72-9816E8B9D40E}.Release|x86.Build.0 = Release|Any CPU
		{ECB4DAC4-F1B6-4CCB-A4E3-2DFAF1226D1B}.Debug|Any CPU.ActiveCfg = Debug|Any CPU
		{ECB4DAC4-F1B6-4CCB-A4E3-2DFAF1226D1B}.Debug|Any CPU.Build.0 = Debug|Any CPU
		{ECB4DAC4-F1B6-4CCB-A4E3-2DFAF1226D1B}.Debug|Any CPU.Deploy.0 = Debug|Any CPU
		{ECB4DAC4-F1B6-4CCB-A4E3-2DFAF1226D1B}.Debug|ARM.ActiveCfg = Debug|Any CPU
		{ECB4DAC4-F1B6-4CCB-A4E3-2DFAF1226D1B}.Debug|ARM.Build.0 = Debug|Any CPU
		{ECB4DAC4-F1B6-4CCB-A4E3-2DFAF1226D1B}.Debug|ARM.Deploy.0 = Debug|Any CPU
		{ECB4DAC4-F1B6-4CCB-A4E3-2DFAF1226D1B}.Debug|iPhone.ActiveCfg = Debug|Any CPU
		{ECB4DAC4-F1B6-4CCB-A4E3-2DFAF1226D1B}.Debug|iPhone.Build.0 = Debug|Any CPU
		{ECB4DAC4-F1B6-4CCB-A4E3-2DFAF1226D1B}.Debug|iPhone.Deploy.0 = Debug|Any CPU
		{ECB4DAC4-F1B6-4CCB-A4E3-2DFAF1226D1B}.Debug|iPhoneSimulator.ActiveCfg = Debug|Any CPU
		{ECB4DAC4-F1B6-4CCB-A4E3-2DFAF1226D1B}.Debug|iPhoneSimulator.Build.0 = Debug|Any CPU
		{ECB4DAC4-F1B6-4CCB-A4E3-2DFAF1226D1B}.Debug|iPhoneSimulator.Deploy.0 = Debug|Any CPU
		{ECB4DAC4-F1B6-4CCB-A4E3-2DFAF1226D1B}.Debug|x64.ActiveCfg = Debug|Any CPU
		{ECB4DAC4-F1B6-4CCB-A4E3-2DFAF1226D1B}.Debug|x64.Build.0 = Debug|Any CPU
		{ECB4DAC4-F1B6-4CCB-A4E3-2DFAF1226D1B}.Debug|x64.Deploy.0 = Debug|Any CPU
		{ECB4DAC4-F1B6-4CCB-A4E3-2DFAF1226D1B}.Debug|x86.ActiveCfg = Debug|Any CPU
		{ECB4DAC4-F1B6-4CCB-A4E3-2DFAF1226D1B}.Debug|x86.Build.0 = Debug|Any CPU
		{ECB4DAC4-F1B6-4CCB-A4E3-2DFAF1226D1B}.Debug|x86.Deploy.0 = Debug|Any CPU
		{ECB4DAC4-F1B6-4CCB-A4E3-2DFAF1226D1B}.Release|Any CPU.ActiveCfg = Release|Any CPU
		{ECB4DAC4-F1B6-4CCB-A4E3-2DFAF1226D1B}.Release|Any CPU.Build.0 = Release|Any CPU
		{ECB4DAC4-F1B6-4CCB-A4E3-2DFAF1226D1B}.Release|Any CPU.Deploy.0 = Release|Any CPU
		{ECB4DAC4-F1B6-4CCB-A4E3-2DFAF1226D1B}.Release|ARM.ActiveCfg = Release|Any CPU
		{ECB4DAC4-F1B6-4CCB-A4E3-2DFAF1226D1B}.Release|ARM.Build.0 = Release|Any CPU
		{ECB4DAC4-F1B6-4CCB-A4E3-2DFAF1226D1B}.Release|ARM.Deploy.0 = Release|Any CPU
		{ECB4DAC4-F1B6-4CCB-A4E3-2DFAF1226D1B}.Release|iPhone.ActiveCfg = Release|Any CPU
		{ECB4DAC4-F1B6-4CCB-A4E3-2DFAF1226D1B}.Release|iPhone.Build.0 = Release|Any CPU
		{ECB4DAC4-F1B6-4CCB-A4E3-2DFAF1226D1B}.Release|iPhone.Deploy.0 = Release|Any CPU
		{ECB4DAC4-F1B6-4CCB-A4E3-2DFAF1226D1B}.Release|iPhoneSimulator.ActiveCfg = Release|Any CPU
		{ECB4DAC4-F1B6-4CCB-A4E3-2DFAF1226D1B}.Release|iPhoneSimulator.Build.0 = Release|Any CPU
		{ECB4DAC4-F1B6-4CCB-A4E3-2DFAF1226D1B}.Release|iPhoneSimulator.Deploy.0 = Release|Any CPU
		{ECB4DAC4-F1B6-4CCB-A4E3-2DFAF1226D1B}.Release|x64.ActiveCfg = Release|Any CPU
		{ECB4DAC4-F1B6-4CCB-A4E3-2DFAF1226D1B}.Release|x64.Build.0 = Release|Any CPU
		{ECB4DAC4-F1B6-4CCB-A4E3-2DFAF1226D1B}.Release|x64.Deploy.0 = Release|Any CPU
		{ECB4DAC4-F1B6-4CCB-A4E3-2DFAF1226D1B}.Release|x86.ActiveCfg = Release|Any CPU
		{ECB4DAC4-F1B6-4CCB-A4E3-2DFAF1226D1B}.Release|x86.Build.0 = Release|Any CPU
		{ECB4DAC4-F1B6-4CCB-A4E3-2DFAF1226D1B}.Release|x86.Deploy.0 = Release|Any CPU
		{6BABC524-60F0-4321-973F-615E7BAAE2B6}.Debug|Any CPU.ActiveCfg = Debug|iPhone
		{6BABC524-60F0-4321-973F-615E7BAAE2B6}.Debug|ARM.ActiveCfg = Debug|iPhone
		{6BABC524-60F0-4321-973F-615E7BAAE2B6}.Debug|iPhone.ActiveCfg = Debug|iPhone
		{6BABC524-60F0-4321-973F-615E7BAAE2B6}.Debug|iPhone.Build.0 = Debug|iPhone
		{6BABC524-60F0-4321-973F-615E7BAAE2B6}.Debug|iPhoneSimulator.ActiveCfg = Debug|iPhoneSimulator
		{6BABC524-60F0-4321-973F-615E7BAAE2B6}.Debug|iPhoneSimulator.Build.0 = Debug|iPhoneSimulator
		{6BABC524-60F0-4321-973F-615E7BAAE2B6}.Debug|x64.ActiveCfg = Debug|iPhone
		{6BABC524-60F0-4321-973F-615E7BAAE2B6}.Debug|x86.ActiveCfg = Debug|iPhone
		{6BABC524-60F0-4321-973F-615E7BAAE2B6}.Release|Any CPU.ActiveCfg = Release|iPhone
		{6BABC524-60F0-4321-973F-615E7BAAE2B6}.Release|ARM.ActiveCfg = Release|iPhone
		{6BABC524-60F0-4321-973F-615E7BAAE2B6}.Release|iPhone.ActiveCfg = Release|iPhone
		{6BABC524-60F0-4321-973F-615E7BAAE2B6}.Release|iPhone.Build.0 = Release|iPhone
		{6BABC524-60F0-4321-973F-615E7BAAE2B6}.Release|iPhoneSimulator.ActiveCfg = Release|iPhoneSimulator
		{6BABC524-60F0-4321-973F-615E7BAAE2B6}.Release|iPhoneSimulator.Build.0 = Release|iPhoneSimulator
		{6BABC524-60F0-4321-973F-615E7BAAE2B6}.Release|x64.ActiveCfg = Release|iPhone
		{6BABC524-60F0-4321-973F-615E7BAAE2B6}.Release|x86.ActiveCfg = Release|iPhone
		{4243279E-173A-4368-8418-B17DDE1A76CF}.Debug|Any CPU.ActiveCfg = Debug|x86
		{4243279E-173A-4368-8418-B17DDE1A76CF}.Debug|ARM.ActiveCfg = Debug|ARM
		{4243279E-173A-4368-8418-B17DDE1A76CF}.Debug|ARM.Build.0 = Debug|ARM
		{4243279E-173A-4368-8418-B17DDE1A76CF}.Debug|ARM.Deploy.0 = Debug|ARM
		{4243279E-173A-4368-8418-B17DDE1A76CF}.Debug|iPhone.ActiveCfg = Debug|x86
		{4243279E-173A-4368-8418-B17DDE1A76CF}.Debug|iPhoneSimulator.ActiveCfg = Debug|x86
		{4243279E-173A-4368-8418-B17DDE1A76CF}.Debug|x64.ActiveCfg = Debug|x64
		{4243279E-173A-4368-8418-B17DDE1A76CF}.Debug|x64.Build.0 = Debug|x64
		{4243279E-173A-4368-8418-B17DDE1A76CF}.Debug|x64.Deploy.0 = Debug|x64
		{4243279E-173A-4368-8418-B17DDE1A76CF}.Debug|x86.ActiveCfg = Debug|x86
		{4243279E-173A-4368-8418-B17DDE1A76CF}.Debug|x86.Build.0 = Debug|x86
		{4243279E-173A-4368-8418-B17DDE1A76CF}.Debug|x86.Deploy.0 = Debug|x86
		{4243279E-173A-4368-8418-B17DDE1A76CF}.Release|Any CPU.ActiveCfg = Release|x86
		{4243279E-173A-4368-8418-B17DDE1A76CF}.Release|ARM.ActiveCfg = Release|ARM
		{4243279E-173A-4368-8418-B17DDE1A76CF}.Release|ARM.Build.0 = Release|ARM
		{4243279E-173A-4368-8418-B17DDE1A76CF}.Release|ARM.Deploy.0 = Release|ARM
		{4243279E-173A-4368-8418-B17DDE1A76CF}.Release|iPhone.ActiveCfg = Release|x86
		{4243279E-173A-4368-8418-B17DDE1A76CF}.Release|iPhoneSimulator.ActiveCfg = Release|x86
		{4243279E-173A-4368-8418-B17DDE1A76CF}.Release|x64.ActiveCfg = Release|x64
		{4243279E-173A-4368-8418-B17DDE1A76CF}.Release|x64.Build.0 = Release|x64
		{4243279E-173A-4368-8418-B17DDE1A76CF}.Release|x64.Deploy.0 = Release|x64
		{4243279E-173A-4368-8418-B17DDE1A76CF}.Release|x86.ActiveCfg = Release|x86
		{4243279E-173A-4368-8418-B17DDE1A76CF}.Release|x86.Build.0 = Release|x86
		{4243279E-173A-4368-8418-B17DDE1A76CF}.Release|x86.Deploy.0 = Release|x86
	EndGlobalSection
	GlobalSection(SolutionProperties) = preSolution
		HideSolutionNode = FALSE
	EndGlobalSection
EndGlobal
